// !$*UTF8*$!
{
	archiveVersion = 1;
	classes = {
	};
	objectVersion = 50;
	objects = {

/* Begin PBXBuildFile section */
		528BB97021C8218B0053C655 /* AppDelegate.swift in Sources */ = {isa = PBXBuildFile; fileRef = 528BB96F21C8218B0053C655 /* AppDelegate.swift */; };
		528BB97221C8218B0053C655 /* ViewController.swift in Sources */ = {isa = PBXBuildFile; fileRef = 528BB97121C8218B0053C655 /* ViewController.swift */; };
		528BB97521C8218B0053C655 /* Main.storyboard in Resources */ = {isa = PBXBuildFile; fileRef = 528BB97321C8218B0053C655 /* Main.storyboard */; };
		528BB97721C8218D0053C655 /* Assets.xcassets in Resources */ = {isa = PBXBuildFile; fileRef = 528BB97621C8218D0053C655 /* Assets.xcassets */; };
		528BB97A21C8218D0053C655 /* LaunchScreen.storyboard in Resources */ = {isa = PBXBuildFile; fileRef = 528BB97821C8218D0053C655 /* LaunchScreen.storyboard */; };
		528BB98521C8218D0053C655 /* Custom_Gauge_ControlTests.swift in Sources */ = {isa = PBXBuildFile; fileRef = 528BB98421C8218D0053C655 /* Custom_Gauge_ControlTests.swift */; };
		528BB99021C8218D0053C655 /* Custom_Gauge_ControlUITests.swift in Sources */ = {isa = PBXBuildFile; fileRef = 528BB98F21C8218D0053C655 /* Custom_Gauge_ControlUITests.swift */; };
		528BB99E21C822D50053C655 /* GaugeView.swift in Sources */ = {isa = PBXBuildFile; fileRef = 528BB99D21C822D50053C655 /* GaugeView.swift */; };
/* End PBXBuildFile section */

/* Begin PBXContainerItemProxy section */
		528BB98121C8218D0053C655 /* PBXContainerItemProxy */ = {
			isa = PBXContainerItemProxy;
			containerPortal = 528BB96421C8218B0053C655 /* Project object */;
			proxyType = 1;
			remoteGlobalIDString = 528BB96B21C8218B0053C655;
			remoteInfo = "Custom Gauge Control";
		};
		528BB98C21C8218D0053C655 /* PBXContainerItemProxy */ = {
			isa = PBXContainerItemProxy;
			containerPortal = 528BB96421C8218B0053C655 /* Project object */;
			proxyType = 1;
			remoteGlobalIDString = 528BB96B21C8218B0053C655;
			remoteInfo = "Custom Gauge Control";
		};
/* End PBXContainerItemProxy section */

/* Begin PBXFileReference section */
		528BB96C21C8218B0053C655 /* Custom Gauge Control.app */ = {isa = PBXFileReference; explicitFileType = wrapper.application; includeInIndex = 0; path = "Custom Gauge Control.app"; sourceTree = BUILT_PRODUCTS_DIR; };
		528BB96F21C8218B0053C655 /* AppDelegate.swift */ = {isa = PBXFileReference; lastKnownFileType = sourcecode.swift; path = AppDelegate.swift; sourceTree = "<group>"; };
		528BB97121C8218B0053C655 /* ViewController.swift */ = {isa = PBXFileReference; lastKnownFileType = sourcecode.swift; path = ViewController.swift; sourceTree = "<group>"; };
		528BB97421C8218B0053C655 /* Base */ = {isa = PBXFileReference; lastKnownFileType = file.storyboard; name = Base; path = Base.lproj/Main.storyboard; sourceTree = "<group>"; };
		528BB97621C8218D0053C655 /* Assets.xcassets */ = {isa = PBXFileReference; lastKnownFileType = folder.assetcatalog; path = Assets.xcassets; sourceTree = "<group>"; };
		528BB97921C8218D0053C655 /* Base */ = {isa = PBXFileReference; lastKnownFileType = file.storyboard; name = Base; path = Base.lproj/LaunchScreen.storyboard; sourceTree = "<group>"; };
		528BB97B21C8218D0053C655 /* Info.plist */ = {isa = PBXFileReference; lastKnownFileType = text.plist.xml; path = Info.plist; sourceTree = "<group>"; };
		528BB98021C8218D0053C655 /* Custom Gauge ControlTests.xctest */ = {isa = PBXFileReference; explicitFileType = wrapper.cfbundle; includeInIndex = 0; path = "Custom Gauge ControlTests.xctest"; sourceTree = BUILT_PRODUCTS_DIR; };
		528BB98421C8218D0053C655 /* Custom_Gauge_ControlTests.swift */ = {isa = PBXFileReference; lastKnownFileType = sourcecode.swift; path = Custom_Gauge_ControlTests.swift; sourceTree = "<group>"; };
		528BB98621C8218D0053C655 /* Info.plist */ = {isa = PBXFileReference; lastKnownFileType = text.plist.xml; path = Info.plist; sourceTree = "<group>"; };
		528BB98B21C8218D0053C655 /* Custom Gauge ControlUITests.xctest */ = {isa = PBXFileReference; explicitFileType = wrapper.cfbundle; includeInIndex = 0; path = "Custom Gauge ControlUITests.xctest"; sourceTree = BUILT_PRODUCTS_DIR; };
		528BB98F21C8218D0053C655 /* Custom_Gauge_ControlUITests.swift */ = {isa = PBXFileReference; lastKnownFileType = sourcecode.swift; path = Custom_Gauge_ControlUITests.swift; sourceTree = "<group>"; };
		528BB99121C8218D0053C655 /* Info.plist */ = {isa = PBXFileReference; lastKnownFileType = text.plist.xml; path = Info.plist; sourceTree = "<group>"; };
		528BB99D21C822D50053C655 /* GaugeView.swift */ = {isa = PBXFileReference; lastKnownFileType = sourcecode.swift; path = GaugeView.swift; sourceTree = "<group>"; };
/* End PBXFileReference section */

/* Begin PBXFrameworksBuildPhase section */
		528BB96921C8218B0053C655 /* Frameworks */ = {
			isa = PBXFrameworksBuildPhase;
			buildActionMask = 2147483647;
			files = (
			);
			runOnlyForDeploymentPostprocessing = 0;
		};
		528BB97D21C8218D0053C655 /* Frameworks */ = {
			isa = PBXFrameworksBuildPhase;
			buildActionMask = 2147483647;
			files = (
			);
			runOnlyForDeploymentPostprocessing = 0;
		};
		528BB98821C8218D0053C655 /* Frameworks */ = {
			isa = PBXFrameworksBuildPhase;
			buildActionMask = 2147483647;
			files = (
			);
			runOnlyForDeploymentPostprocessing = 0;
		};
/* End PBXFrameworksBuildPhase section */

/* Begin PBXGroup section */
		528BB96321C8218B0053C655 = {
			isa = PBXGroup;
			children = (
				528BB96E21C8218B0053C655 /* Custom Gauge Control */,
				528BB98321C8218D0053C655 /* Custom Gauge ControlTests */,
				528BB98E21C8218D0053C655 /* Custom Gauge ControlUITests */,
				528BB96D21C8218B0053C655 /* Products */,
			);
			sourceTree = "<group>";
		};
		528BB96D21C8218B0053C655 /* Products */ = {
			isa = PBXGroup;
			children = (
				528BB96C21C8218B0053C655 /* Custom Gauge Control.app */,
				528BB98021C8218D0053C655 /* Custom Gauge ControlTests.xctest */,
				528BB98B21C8218D0053C655 /* Custom Gauge ControlUITests.xctest */,
			);
			name = Products;
			sourceTree = "<group>";
		};
		528BB96E21C8218B0053C655 /* Custom Gauge Control */ = {
			isa = PBXGroup;
			children = (
				528BB99D21C822D50053C655 /* GaugeView.swift */,
				528BB96F21C8218B0053C655 /* AppDelegate.swift */,
				528BB97121C8218B0053C655 /* ViewController.swift */,
				528BB97321C8218B0053C655 /* Main.storyboard */,
				528BB97621C8218D0053C655 /* Assets.xcassets */,
				528BB97821C8218D0053C655 /* LaunchScreen.storyboard */,
				528BB97B21C8218D0053C655 /* Info.plist */,
			);
			path = "Custom Gauge Control";
			sourceTree = "<group>";
		};
		528BB98321C8218D0053C655 /* Custom Gauge ControlTests */ = {
			isa = PBXGroup;
			children = (
				528BB98421C8218D0053C655 /* Custom_Gauge_ControlTests.swift */,
				528BB98621C8218D0053C655 /* Info.plist */,
			);
			path = "Custom Gauge ControlTests";
			sourceTree = "<group>";
		};
		528BB98E21C8218D0053C655 /* Custom Gauge ControlUITests */ = {
			isa = PBXGroup;
			children = (
				528BB98F21C8218D0053C655 /* Custom_Gauge_ControlUITests.swift */,
				528BB99121C8218D0053C655 /* Info.plist */,
			);
			path = "Custom Gauge ControlUITests";
			sourceTree = "<group>";
		};
/* End PBXGroup section */

/* Begin PBXNativeTarget section */
		528BB96B21C8218B0053C655 /* Custom Gauge Control */ = {
			isa = PBXNativeTarget;
			buildConfigurationList = 528BB99421C8218D0053C655 /* Build configuration list for PBXNativeTarget "Custom Gauge Control" */;
			buildPhases = (
				528BB96821C8218B0053C655 /* Sources */,
				528BB96921C8218B0053C655 /* Frameworks */,
				528BB96A21C8218B0053C655 /* Resources */,
			);
			buildRules = (
			);
			dependencies = (
			);
			name = "Custom Gauge Control";
			productName = "Custom Gauge Control";
			productReference = 528BB96C21C8218B0053C655 /* Custom Gauge Control.app */;
			productType = "com.apple.product-type.application";
		};
		528BB97F21C8218D0053C655 /* Custom Gauge ControlTests */ = {
			isa = PBXNativeTarget;
			buildConfigurationList = 528BB99721C8218D0053C655 /* Build configuration list for PBXNativeTarget "Custom Gauge ControlTests" */;
			buildPhases = (
				528BB97C21C8218D0053C655 /* Sources */,
				528BB97D21C8218D0053C655 /* Frameworks */,
				528BB97E21C8218D0053C655 /* Resources */,
			);
			buildRules = (
			);
			dependencies = (
				528BB98221C8218D0053C655 /* PBXTargetDependency */,
			);
			name = "Custom Gauge ControlTests";
			productName = "Custom Gauge ControlTests";
			productReference = 528BB98021C8218D0053C655 /* Custom Gauge ControlTests.xctest */;
			productType = "com.apple.product-type.bundle.unit-test";
		};
		528BB98A21C8218D0053C655 /* Custom Gauge ControlUITests */ = {
			isa = PBXNativeTarget;
			buildConfigurationList = 528BB99A21C8218D0053C655 /* Build configuration list for PBXNativeTarget "Custom Gauge ControlUITests" */;
			buildPhases = (
				528BB98721C8218D0053C655 /* Sources */,
				528BB98821C8218D0053C655 /* Frameworks */,
				528BB98921C8218D0053C655 /* Resources */,
			);
			buildRules = (
			);
			dependencies = (
				528BB98D21C8218D0053C655 /* PBXTargetDependency */,
			);
			name = "Custom Gauge ControlUITests";
			productName = "Custom Gauge ControlUITests";
			productReference = 528BB98B21C8218D0053C655 /* Custom Gauge ControlUITests.xctest */;
			productType = "com.apple.product-type.bundle.ui-testing";
		};
/* End PBXNativeTarget section */

/* Begin PBXProject section */
		528BB96421C8218B0053C655 /* Project object */ = {
			isa = PBXProject;
			attributes = {
				LastSwiftUpdateCheck = 1000;
				LastUpgradeCheck = 1000;
				ORGANIZATIONNAME = "Lekkas, Chris (Hillsboro)";
				TargetAttributes = {
					528BB96B21C8218B0053C655 = {
						CreatedOnToolsVersion = 10.0;
					};
					528BB97F21C8218D0053C655 = {
						CreatedOnToolsVersion = 10.0;
						TestTargetID = 528BB96B21C8218B0053C655;
					};
					528BB98A21C8218D0053C655 = {
						CreatedOnToolsVersion = 10.0;
						TestTargetID = 528BB96B21C8218B0053C655;
					};
				};
			};
			buildConfigurationList = 528BB96721C8218B0053C655 /* Build configuration list for PBXProject "Custom Gauge Control" */;
			compatibilityVersion = "Xcode 9.3";
			developmentRegion = en;
			hasScannedForEncodings = 0;
			knownRegions = (
				en,
				Base,
			);
			mainGroup = 528BB96321C8218B0053C655;
			productRefGroup = 528BB96D21C8218B0053C655 /* Products */;
			projectDirPath = "";
			projectRoot = "";
			targets = (
				528BB96B21C8218B0053C655 /* Custom Gauge Control */,
				528BB97F21C8218D0053C655 /* Custom Gauge ControlTests */,
				528BB98A21C8218D0053C655 /* Custom Gauge ControlUITests */,
			);
		};
/* End PBXProject section */

/* Begin PBXResourcesBuildPhase section */
		528BB96A21C8218B0053C655 /* Resources */ = {
			isa = PBXResourcesBuildPhase;
			buildActionMask = 2147483647;
			files = (
				528BB97A21C8218D0053C655 /* LaunchScreen.storyboard in Resources */,
				528BB97721C8218D0053C655 /* Assets.xcassets in Resources */,
				528BB97521C8218B0053C655 /* Main.storyboard in Resources */,
			);
			runOnlyForDeploymentPostprocessing = 0;
		};
		528BB97E21C8218D0053C655 /* Resources */ = {
			isa = PBXResourcesBuildPhase;
			buildActionMask = 2147483647;
			files = (
			);
			runOnlyForDeploymentPostprocessing = 0;
		};
		528BB98921C8218D0053C655 /* Resources */ = {
			isa = PBXResourcesBuildPhase;
			buildActionMask = 2147483647;
			files = (
			);
			runOnlyForDeploymentPostprocessing = 0;
		};
/* End PBXResourcesBuildPhase section */

/* Begin PBXSourcesBuildPhase section */
		528BB96821C8218B0053C655 /* Sources */ = {
			isa = PBXSourcesBuildPhase;
			buildActionMask = 2147483647;
			files = (
				528BB97221C8218B0053C655 /* ViewController.swift in Sources */,
				528BB99E21C822D50053C655 /* GaugeView.swift in Sources */,
				528BB97021C8218B0053C655 /* AppDelegate.swift in Sources */,
			);
			runOnlyForDeploymentPostprocessing = 0;
		};
		528BB97C21C8218D0053C655 /* Sources */ = {
			isa = PBXSourcesBuildPhase;
			buildActionMask = 2147483647;
			files = (
				528BB98521C8218D0053C655 /* Custom_Gauge_ControlTests.swift in Sources */,
			);
			runOnlyForDeploymentPostprocessing = 0;
		};
		528BB98721C8218D0053C655 /* Sources */ = {
			isa = PBXSourcesBuildPhase;
			buildActionMask = 2147483647;
			files = (
				528BB99021C8218D0053C655 /* Custom_Gauge_ControlUITests.swift in Sources */,
			);
			runOnlyForDeploymentPostprocessing = 0;
		};
/* End PBXSourcesBuildPhase section */

/* Begin PBXTargetDependency section */
		528BB98221C8218D0053C655 /* PBXTargetDependency */ = {
			isa = PBXTargetDependency;
			target = 528BB96B21C8218B0053C655 /* Custom Gauge Control */;
			targetProxy = 528BB98121C8218D0053C655 /* PBXContainerItemProxy */;
		};
		528BB98D21C8218D0053C655 /* PBXTargetDependency */ = {
			isa = PBXTargetDependency;
			target = 528BB96B21C8218B0053C655 /* Custom Gauge Control */;
			targetProxy = 528BB98C21C8218D0053C655 /* PBXContainerItemProxy */;
		};
/* End PBXTargetDependency section */

/* Begin PBXVariantGroup section */
		528BB97321C8218B0053C655 /* Main.storyboard */ = {
			isa = PBXVariantGroup;
			children = (
				528BB97421C8218B0053C655 /* Base */,
			);
			name = Main.storyboard;
			sourceTree = "<group>";
		};
		528BB97821C8218D0053C655 /* LaunchScreen.storyboard */ = {
			isa = PBXVariantGroup;
			children = (
				528BB97921C8218D0053C655 /* Base */,
			);
			name = LaunchScreen.storyboard;
			sourceTree = "<group>";
		};
/* End PBXVariantGroup section */

/* Begin XCBuildConfiguration section */
		528BB99221C8218D0053C655 /* Debug */ = {
			isa = XCBuildConfiguration;
			buildSettings = {
				ALWAYS_SEARCH_USER_PATHS = NO;
				CLANG_ANALYZER_NONNULL = YES;
				CLANG_ANALYZER_NUMBER_OBJECT_CONVERSION = YES_AGGRESSIVE;
				CLANG_CXX_LANGUAGE_STANDARD = "gnu++14";
				CLANG_CXX_LIBRARY = "libc++";
				CLANG_ENABLE_MODULES = YES;
				CLANG_ENABLE_OBJC_ARC = YES;
				CLANG_ENABLE_OBJC_WEAK = YES;
				CLANG_WARN_BLOCK_CAPTURE_AUTORELEASING = YES;
				CLANG_WARN_BOOL_CONVERSION = YES;
				CLANG_WARN_COMMA = YES;
				CLANG_WARN_CONSTANT_CONVERSION = YES;
				CLANG_WARN_DEPRECATED_OBJC_IMPLEMENTATIONS = YES;
				CLANG_WARN_DIRECT_OBJC_ISA_USAGE = YES_ERROR;
				CLANG_WARN_DOCUMENTATION_COMMENTS = YES;
				CLANG_WARN_EMPTY_BODY = YES;
				CLANG_WARN_ENUM_CONVERSION = YES;
				CLANG_WARN_INFINITE_RECURSION = YES;
				CLANG_WARN_INT_CONVERSION = YES;
				CLANG_WARN_NON_LITERAL_NULL_CONVERSION = YES;
				CLANG_WARN_OBJC_IMPLICIT_RETAIN_SELF = YES;
				CLANG_WARN_OBJC_LITERAL_CONVERSION = YES;
				CLANG_WARN_OBJC_ROOT_CLASS = YES_ERROR;
				CLANG_WARN_RANGE_LOOP_ANALYSIS = YES;
				CLANG_WARN_STRICT_PROTOTYPES = YES;
				CLANG_WARN_SUSPICIOUS_MOVE = YES;
				CLANG_WARN_UNGUARDED_AVAILABILITY = YES_AGGRESSIVE;
				CLANG_WARN_UNREACHABLE_CODE = YES;
				CLANG_WARN__DUPLICATE_METHOD_MATCH = YES;
				CODE_SIGN_IDENTITY = "iPhone Developer";
				COPY_PHASE_STRIP = NO;
				DEBUG_INFORMATION_FORMAT = dwarf;
				ENABLE_STRICT_OBJC_MSGSEND = YES;
				ENABLE_TESTABILITY = YES;
				GCC_C_LANGUAGE_STANDARD = gnu11;
				GCC_DYNAMIC_NO_PIC = NO;
				GCC_NO_COMMON_BLOCKS = YES;
				GCC_OPTIMIZATION_LEVEL = 0;
				GCC_PREPROCESSOR_DEFINITIONS = (
					"DEBUG=1",
					"$(inherited)",
				);
				GCC_WARN_64_TO_32_BIT_CONVERSION = YES;
				GCC_WARN_ABOUT_RETURN_TYPE = YES_ERROR;
				GCC_WARN_UNDECLARED_SELECTOR = YES;
				GCC_WARN_UNINITIALIZED_AUTOS = YES_AGGRESSIVE;
				GCC_WARN_UNUSED_FUNCTION = YES;
				GCC_WARN_UNUSED_VARIABLE = YES;
				IPHONEOS_DEPLOYMENT_TARGET = 12.0;
				MTL_ENABLE_DEBUG_INFO = INCLUDE_SOURCE;
				MTL_FAST_MATH = YES;
				ONLY_ACTIVE_ARCH = YES;
				SDKROOT = iphoneos;
				SWIFT_ACTIVE_COMPILATION_CONDITIONS = DEBUG;
				SWIFT_OPTIMIZATION_LEVEL = "-Onone";
			};
			name = Debug;
		};
		528BB99321C8218D0053C655 /* Release */ = {
			isa = XCBuildConfiguration;
			buildSettings = {
				ALWAYS_SEARCH_USER_PATHS = NO;
				CLANG_ANALYZER_NONNULL = YES;
				CLANG_ANALYZER_NUMBER_OBJECT_CONVERSION = YES_AGGRESSIVE;
				CLANG_CXX_LANGUAGE_STANDARD = "gnu++14";
				CLANG_CXX_LIBRARY = "libc++";
				CLANG_ENABLE_MODULES = YES;
				CLANG_ENABLE_OBJC_ARC = YES;
				CLANG_ENABLE_OBJC_WEAK = YES;
				CLANG_WARN_BLOCK_CAPTURE_AUTORELEASING = YES;
				CLANG_WARN_BOOL_CONVERSION = YES;
				CLANG_WARN_COMMA = YES;
				CLANG_WARN_CONSTANT_CONVERSION = YES;
				CLANG_WARN_DEPRECATED_OBJC_IMPLEMENTATIONS = YES;
				CLANG_WARN_DIRECT_OBJC_ISA_USAGE = YES_ERROR;
				CLANG_WARN_DOCUMENTATION_COMMENTS = YES;
				CLANG_WARN_EMPTY_BODY = YES;
				CLANG_WARN_ENUM_CONVERSION = YES;
				CLANG_WARN_INFINITE_RECURSION = YES;
				CLANG_WARN_INT_CONVERSION = YES;
				CLANG_WARN_NON_LITERAL_NULL_CONVERSION = YES;
				CLANG_WARN_OBJC_IMPLICIT_RETAIN_SELF = YES;
				CLANG_WARN_OBJC_LITERAL_CONVERSION = YES;
				CLANG_WARN_OBJC_ROOT_CLASS = YES_ERROR;
				CLANG_WARN_RANGE_LOOP_ANALYSIS = YES;
				CLANG_WARN_STRICT_PROTOTYPES = YES;
				CLANG_WARN_SUSPICIOUS_MOVE = YES;
				CLANG_WARN_UNGUARDED_AVAILABILITY = YES_AGGRESSIVE;
				CLANG_WARN_UNREACHABLE_CODE = YES;
				CLANG_WARN__DUPLICATE_METHOD_MATCH = YES;
				CODE_SIGN_IDENTITY = "iPhone Developer";
				COPY_PHASE_STRIP = NO;
				DEBUG_INFORMATION_FORMAT = "dwarf-with-dsym";
				ENABLE_NS_ASSERTIONS = NO;
				ENABLE_STRICT_OBJC_MSGSEND = YES;
				GCC_C_LANGUAGE_STANDARD = gnu11;
				GCC_NO_COMMON_BLOCKS = YES;
				GCC_WARN_64_TO_32_BIT_CONVERSION = YES;
				GCC_WARN_ABOUT_RETURN_TYPE = YES_ERROR;
				GCC_WARN_UNDECLARED_SELECTOR = YES;
				GCC_WARN_UNINITIALIZED_AUTOS = YES_AGGRESSIVE;
				GCC_WARN_UNUSED_FUNCTION = YES;
				GCC_WARN_UNUSED_VARIABLE = YES;
				IPHONEOS_DEPLOYMENT_TARGET = 12.0;
				MTL_ENABLE_DEBUG_INFO = NO;
				MTL_FAST_MATH = YES;
				SDKROOT = iphoneos;
				SWIFT_COMPILATION_MODE = wholemodule;
				SWIFT_OPTIMIZATION_LEVEL = "-O";
				VALIDATE_PRODUCT = YES;
			};
			name = Release;
		};
		528BB99521C8218D0053C655 /* Debug */ = {
			isa = XCBuildConfiguration;
			buildSettings = {
				ASSETCATALOG_COMPILER_APPICON_NAME = AppIcon;
				CODE_SIGN_STYLE = Automatic;
				INFOPLIST_FILE = "Custom Gauge Control/Info.plist";
				LD_RUNPATH_SEARCH_PATHS = (
					"$(inherited)",
					"@executable_path/Frameworks",
				);
				PRODUCT_BUNDLE_IDENTIFIER = "com.chris.lekkas.Custom-Gauge-Control";
				PRODUCT_NAME = "$(TARGET_NAME)";
				SWIFT_VERSION = 4.2;
				TARGETED_DEVICE_FAMILY = "1,2";
			};
			name = Debug;
		};
		528BB99621C8218D0053C655 /* Release */ = {
			isa = XCBuildConfiguration;
			buildSettings = {
				ASSETCATALOG_COMPILER_APPICON_NAME = AppIcon;
				CODE_SIGN_STYLE = Automatic;
				INFOPLIST_FILE = "Custom Gauge Control/Info.plist";
				LD_RUNPATH_SEARCH_PATHS = (
					"$(inherited)",
					"@executable_path/Frameworks",
				);
				PRODUCT_BUNDLE_IDENTIFIER = "com.chris.lekkas.Custom-Gauge-Control";
				PRODUCT_NAME = "$(TARGET_NAME)";
				SWIFT_VERSION = 4.2;
				TARGETED_DEVICE_FAMILY = "1,2";
			};
			name = Release;
		};
		528BB99821C8218D0053C655 /* Debug */ = {
			isa = XCBuildConfiguration;
			buildSettings = {
				ALWAYS_EMBED_SWIFT_STANDARD_LIBRARIES = YES;
				BUNDLE_LOADER = "$(TEST_HOST)";
				CODE_SIGN_STYLE = Automatic;
				INFOPLIST_FILE = "Custom Gauge ControlTests/Info.plist";
				LD_RUNPATH_SEARCH_PATHS = (
					"$(inherited)",
					"@executable_path/Frameworks",
					"@loader_path/Frameworks",
				);
				PRODUCT_BUNDLE_IDENTIFIER = "com.chris.lekkas.Custom-Gauge-ControlTests";
				PRODUCT_NAME = "$(TARGET_NAME)";
				SWIFT_VERSION = 4.2;
				TARGETED_DEVICE_FAMILY = "1,2";
				TEST_HOST = "$(BUILT_PRODUCTS_DIR)/Custom Gauge Control.app/Custom Gauge Control";
			};
			name = Debug;
		};
		528BB99921C8218D0053C655 /* Release */ = {
			isa = XCBuildConfiguration;
			buildSettings = {
				ALWAYS_EMBED_SWIFT_STANDARD_LIBRARIES = YES;
				BUNDLE_LOADER = "$(TEST_HOST)";
				CODE_SIGN_STYLE = Automatic;
				INFOPLIST_FILE = "Custom Gauge ControlTests/Info.plist";
				LD_RUNPATH_SEARCH_PATHS = (
					"$(inherited)",
					"@executable_path/Frameworks",
					"@loader_path/Frameworks",
				);
				PRODUCT_BUNDLE_IDENTIFIER = "com.chris.lekkas.Custom-Gauge-ControlTests";
				PRODUCT_NAME = "$(TARGET_NAME)";
				SWIFT_VERSION = 4.2;
				TARGETED_DEVICE_FAMILY = "1,2";
				TEST_HOST = "$(BUILT_PRODUCTS_DIR)/Custom Gauge Control.app/Custom Gauge Control";
			};
			name = Release;
		};
		528BB99B21C8218D0053C655 /* Debug */ = {
			isa = XCBuildConfiguration;
			buildSettings = {
				ALWAYS_EMBED_SWIFT_STANDARD_LIBRARIES = YES;
				CODE_SIGN_STYLE = Automatic;
				INFOPLIST_FILE = "Custom Gauge ControlUITests/Info.plist";
				LD_RUNPATH_SEARCH_PATHS = (
					"$(inherited)",
					"@executable_path/Frameworks",
					"@loader_path/Frameworks",
				);
				PRODUCT_BUNDLE_IDENTIFIER = "com.chris.lekkas.Custom-Gauge-ControlUITests";
				PRODUCT_NAME = "$(TARGET_NAME)";
				SWIFT_VERSION = 4.2;
				TARGETED_DEVICE_FAMILY = "1,2";
				TEST_TARGET_NAME = "Custom Gauge Control";
			};
			name = Debug;
		};
		528BB99C21C8218D0053C655 /* Release */ = {
			isa = XCBuildConfiguration;
			buildSettings = {
				ALWAYS_EMBED_SWIFT_STANDARD_LIBRARIES = YES;
				CODE_SIGN_STYLE = Automatic;
				INFOPLIST_FILE = "Custom Gauge ControlUITests/Info.plist";
				LD_RUNPATH_SEARCH_PATHS = (
					"$(inherited)",
					"@executable_path/Frameworks",
					"@loader_path/Frameworks",
				);
				PRODUCT_BUNDLE_IDENTIFIER = "com.chris.lekkas.Custom-Gauge-ControlUITests";
				PRODUCT_NAME = "$(TARGET_NAME)";
				SWIFT_VERSION = 4.2;
				TARGETED_DEVICE_FAMILY = "1,2";
				TEST_TARGET_NAME = "Custom Gauge Control";
			};
			name = Release;
		};
/* End XCBuildConfiguration section */

/* Begin XCConfigurationList section */
		528BB96721C8218B0053C655 /* Build configuration list for PBXProject "Custom Gauge Control" */ = {
			isa = XCConfigurationList;
			buildConfigurations = (
				528BB99221C8218D0053C655 /* Debug */,
				528BB99321C8218D0053C655 /* Release */,
			);
			defaultConfigurationIsVisible = 0;
			defaultConfigurationName = Release;
		};
		528BB99421C8218D0053C655 /* Build configuration list for PBXNativeTarget "Custom Gauge Control" */ = {
			isa = XCConfigurationList;
			buildConfigurations = (
				528BB99521C8218D0053C655 /* Debug */,
				528BB99621C8218D0053C655 /* Release */,
			);
			defaultConfigurationIsVisible = 0;
			defaultConfigurationName = Release;
		};
		528BB99721C8218D0053C655 /* Build configuration list for PBXNativeTarget "Custom Gauge ControlTests" */ = {
			isa = XCConfigurationList;
			buildConfigurations = (
				528BB99821C8218D0053C655 /* Debug */,
				528BB99921C8218D0053C655 /* Release */,
			);
			defaultConfigurationIsVisible = 0;
			defaultConfigurationName = Release;
		};
		528BB99A21C8218D0053C655 /* Build configuration list for PBXNativeTarget "Custom Gauge ControlUITests" */ = {
			isa = XCConfigurationList;
			buildConfigurations = (
				528BB99B21C8218D0053C655 /* Debug */,
				528BB99C21C8218D0053C655 /* Release */,
			);
			defaultConfigurationIsVisible = 0;
			defaultConfigurationName = Release;
		};
/* End XCConfigurationList section */
	};
	rootObject = 528BB96421C8218B0053C655 /* Project object */;
}
